# THIS IS AN AUTOGENERATED FILE. DO NOT EDIT THIS FILE DIRECTLY.
# yarn lockfile v1


"@opengsn/contracts@^3.0.0-beta.6":
  version "3.0.0-beta.6"
  resolved "https://registry.yarnpkg.com/@opengsn/contracts/-/contracts-3.0.0-beta.6.tgz#3455b7c249922a087422721689239a7d539d1138"
  integrity sha512-zqd7BG339Uq5bfx40CwKXr2waaJqLN9qBVllcWhKBGnkZPKR59wVIPh2zTNzvLorndMRWB3TnOQxAr6tZKjwGQ==
  dependencies:
    "@openzeppelin/contracts" "^4.2.0"

"@openzeppelin/contracts@^4.2.0":
  version "4.9.0"
  resolved "https://registry.yarnpkg.com/@openzeppelin/contracts/-/contracts-4.9.0.tgz#683f33b6598970051bc5f0806fd8660da9e018dd"
  integrity sha512-DUP74AFGKlic2sQb/CmgrN2aUPMFGxRrmCTUxLHsiU2RzwWqVuMPZBxiAyvlff6Pea77uylAX6B5x9W6evEbhA==

"@openzeppelin/contracts@^4.8.0":
  version "4.8.2"
  resolved "https://registry.yarnpkg.com/@openzeppelin/contracts/-/contracts-4.8.2.tgz#d815ade0027b50beb9bcca67143c6bcc3e3923d6"
  integrity sha512-kEUOgPQszC0fSYWpbh2kT94ltOJwj1qfT2DWo+zVttmGmf97JZ99LspePNaeeaLhCImaHVeBbjaQFZQn7+Zc5g==
